// !$*UTF8*$!
{
	archiveVersion = 1;
	classes = {
	};
	objectVersion = 46;
	objects = {

/* Begin PBXBuildFile section */
		0D534FC25146C54ADC31AC66 /* libPods-MVVM_RAC.a in Frameworks */ = {isa = PBXBuildFile; fileRef = 3E8BE5B4C0E13F615D078AA7 /* libPods-MVVM_RAC.a */; };
		144CA51A1E31AF7700D6EE4B /* heros.plist in Resources */ = {isa = PBXBuildFile; fileRef = 144CA5191E31AF7700D6EE4B /* heros.plist */; };
		144CA51E1E31B04700D6EE4B /* MRHomeCell.m in Sources */ = {isa = PBXBuildFile; fileRef = 144CA51D1E31B04700D6EE4B /* MRHomeCell.m */; };
		144CA5211E31B1B600D6EE4B /* MRHomeModel.m in Sources */ = {isa = PBXBuildFile; fileRef = 144CA5201E31B1B600D6EE4B /* MRHomeModel.m */; };
		144CA55D1E31B8F800D6EE4B /* MRHomeViewModel.m in Sources */ = {isa = PBXBuildFile; fileRef = 144CA55C1E31B8F800D6EE4B /* MRHomeViewModel.m */; };
		144CA5601E31BBD500D6EE4B /* MRTempViewController.m in Sources */ = {isa = PBXBuildFile; fileRef = 144CA55F1E31BBD500D6EE4B /* MRTempViewController.m */; };
		144CA5641E31D6FE00D6EE4B /* MRHomeTableView.m in Sources */ = {isa = PBXBuildFile; fileRef = 144CA5631E31D6FE00D6EE4B /* MRHomeTableView.m */; };
		144CA5691E31E07900D6EE4B /* MRHomeCell.xib in Resources */ = {isa = PBXBuildFile; fileRef = 144CA5681E31E07900D6EE4B /* MRHomeCell.xib */; };
		144CA56C1E31E98200D6EE4B /* MRHeroViewController.m in Sources */ = {isa = PBXBuildFile; fileRef = 144CA56B1E31E98200D6EE4B /* MRHeroViewController.m */; };
		14DCFEA81E306790001733FD /* main.m in Sources */ = {isa = PBXBuildFile; fileRef = 14DCFEA71E306790001733FD /* main.m */; };
		14DCFEAB1E306790001733FD /* AppDelegate.m in Sources */ = {isa = PBXBuildFile; fileRef = 14DCFEAA1E306790001733FD /* AppDelegate.m */; };
		14DCFEB11E306790001733FD /* Main.storyboard in Resources */ = {isa = PBXBuildFile; fileRef = 14DCFEAF1E306790001733FD /* Main.storyboard */; };
		14DCFEB31E306790001733FD /* Assets.xcassets in Resources */ = {isa = PBXBuildFile; fileRef = 14DCFEB21E306790001733FD /* Assets.xcassets */; };
		14DCFEB61E306790001733FD /* LaunchScreen.storyboard in Resources */ = {isa = PBXBuildFile; fileRef = 14DCFEB41E306790001733FD /* LaunchScreen.storyboard */; };
		14DCFEC71E3086B9001733FD /* MRLoginViewController.m in Sources */ = {isa = PBXBuildFile; fileRef = 14DCFEC61E3086B9001733FD /* MRLoginViewController.m */; };
		14DCFECA1E3086CC001733FD /* MRRegisterViewController.m in Sources */ = {isa = PBXBuildFile; fileRef = 14DCFEC91E3086CC001733FD /* MRRegisterViewController.m */; };
		14DCFECD1E3086E5001733FD /* MRHomeViewController.m in Sources */ = {isa = PBXBuildFile; fileRef = 14DCFECC1E3086E5001733FD /* MRHomeViewController.m */; };
		14DCFED01E308DB9001733FD /* MRLoginService.m in Sources */ = {isa = PBXBuildFile; fileRef = 14DCFECF1E308DB9001733FD /* MRLoginService.m */; };
		14DCFED31E3094EF001733FD /* MRRegisterService.m in Sources */ = {isa = PBXBuildFile; fileRef = 14DCFED21E3094EF001733FD /* MRRegisterService.m */; };
/* End PBXBuildFile section */

/* Begin PBXFileReference section */
		144CA5191E31AF7700D6EE4B /* heros.plist */ = {isa = PBXFileReference; fileEncoding = 4; lastKnownFileType = text.plist.xml; path = heros.plist; sourceTree = "<group>"; };
		144CA51C1E31B04700D6EE4B /* MRHomeCell.h */ = {isa = PBXFileReference; fileEncoding = 4; lastKnownFileType = sourcecode.c.h; path = MRHomeCell.h; sourceTree = "<group>"; };
		144CA51D1E31B04700D6EE4B /* MRHomeCell.m */ = {isa = PBXFileReference; fileEncoding = 4; lastKnownFileType = sourcecode.c.objc; path = MRHomeCell.m; sourceTree = "<group>"; };
		144CA51F1E31B1B600D6EE4B /* MRHomeModel.h */ = {isa = PBXFileReference; fileEncoding = 4; lastKnownFileType = sourcecode.c.h; path = MRHomeModel.h; sourceTree = "<group>"; };
		144CA5201E31B1B600D6EE4B /* MRHomeModel.m */ = {isa = PBXFileReference; fileEncoding = 4; lastKnownFileType = sourcecode.c.objc; path = MRHomeModel.m; sourceTree = "<group>"; };
		144CA55B1E31B8F800D6EE4B /* MRHomeViewModel.h */ = {isa = PBXFileReference; fileEncoding = 4; lastKnownFileType = sourcecode.c.h; path = MRHomeViewModel.h; sourceTree = "<group>"; };
		144CA55C1E31B8F800D6EE4B /* MRHomeViewModel.m */ = {isa = PBXFileReference; fileEncoding = 4; lastKnownFileType = sourcecode.c.objc; path = MRHomeViewModel.m; sourceTree = "<group>"; };
		144CA55E1E31BBD500D6EE4B /* MRTempViewController.h */ = {isa = PBXFileReference; fileEncoding = 4; lastKnownFileType = sourcecode.c.h; path = MRTempViewController.h; sourceTree = "<group>"; };
		144CA55F1E31BBD500D6EE4B /* MRTempViewController.m */ = {isa = PBXFileReference; fileEncoding = 4; lastKnownFileType = sourcecode.c.objc; path = MRTempViewController.m; sourceTree = "<group>"; };
		144CA5621E31D6FE00D6EE4B /* MRHomeTableView.h */ = {isa = PBXFileReference; fileEncoding = 4; lastKnownFileType = sourcecode.c.h; path = MRHomeTableView.h; sourceTree = "<group>"; };
		144CA5631E31D6FE00D6EE4B /* MRHomeTableView.m */ = {isa = PBXFileReference; fileEncoding = 4; lastKnownFileType = sourcecode.c.objc; path = MRHomeTableView.m; sourceTree = "<group>"; };
		144CA5681E31E07900D6EE4B /* MRHomeCell.xib */ = {isa = PBXFileReference; fileEncoding = 4; lastKnownFileType = file.xib; path = MRHomeCell.xib; sourceTree = "<group>"; };
		144CA56A1E31E98200D6EE4B /* MRHeroViewController.h */ = {isa = PBXFileReference; fileEncoding = 4; lastKnownFileType = sourcecode.c.h; path = MRHeroViewController.h; sourceTree = "<group>"; };
		144CA56B1E31E98200D6EE4B /* MRHeroViewController.m */ = {isa = PBXFileReference; fileEncoding = 4; lastKnownFileType = sourcecode.c.objc; path = MRHeroViewController.m; sourceTree = "<group>"; };
		14DCFEA31E306790001733FD /* MVVM_RAC.app */ = {isa = PBXFileReference; explicitFileType = wrapper.application; includeInIndex = 0; path = MVVM_RAC.app; sourceTree = BUILT_PRODUCTS_DIR; };
		14DCFEA71E306790001733FD /* main.m */ = {isa = PBXFileReference; lastKnownFileType = sourcecode.c.objc; path = main.m; sourceTree = "<group>"; };
		14DCFEA91E306790001733FD /* AppDelegate.h */ = {isa = PBXFileReference; lastKnownFileType = sourcecode.c.h; name = AppDelegate.h; path = ../AppDelegate.h; sourceTree = "<group>"; };
		14DCFEAA1E306790001733FD /* AppDelegate.m */ = {isa = PBXFileReference; lastKnownFileType = sourcecode.c.objc; name = AppDelegate.m; path = ../AppDelegate.m; sourceTree = "<group>"; };
		14DCFEB01E306790001733FD /* Base */ = {isa = PBXFileReference; lastKnownFileType = file.storyboard; name = Base; path = Base.lproj/Main.storyboard; sourceTree = "<group>"; };
		14DCFEB21E306790001733FD /* Assets.xcassets */ = {isa = PBXFileReference; lastKnownFileType = folder.assetcatalog; path = Assets.xcassets; sourceTree = "<group>"; };
		14DCFEB51E306790001733FD /* Base */ = {isa = PBXFileReference; lastKnownFileType = file.storyboard; name = Base; path = Base.lproj/LaunchScreen.storyboard; sourceTree = "<group>"; };
		14DCFEB71E306790001733FD /* Info.plist */ = {isa = PBXFileReference; lastKnownFileType = text.plist.xml; path = Info.plist; sourceTree = "<group>"; };
		14DCFEC51E3086B9001733FD /* MRLoginViewController.h */ = {isa = PBXFileReference; fileEncoding = 4; lastKnownFileType = sourcecode.c.h; path = MRLoginViewController.h; sourceTree = "<group>"; };
		14DCFEC61E3086B9001733FD /* MRLoginViewController.m */ = {isa = PBXFileReference; fileEncoding = 4; lastKnownFileType = sourcecode.c.objc; path = MRLoginViewController.m; sourceTree = "<group>"; };
		14DCFEC81E3086CC001733FD /* MRRegisterViewController.h */ = {isa = PBXFileReference; fileEncoding = 4; lastKnownFileType = sourcecode.c.h; path = MRRegisterViewController.h; sourceTree = "<group>"; };
		14DCFEC91E3086CC001733FD /* MRRegisterViewController.m */ = {isa = PBXFileReference; fileEncoding = 4; lastKnownFileType = sourcecode.c.objc; path = MRRegisterViewController.m; sourceTree = "<group>"; };
		14DCFECB1E3086E5001733FD /* MRHomeViewController.h */ = {isa = PBXFileReference; fileEncoding = 4; lastKnownFileType = sourcecode.c.h; path = MRHomeViewController.h; sourceTree = "<group>"; };
		14DCFECC1E3086E5001733FD /* MRHomeViewController.m */ = {isa = PBXFileReference; fileEncoding = 4; lastKnownFileType = sourcecode.c.objc; path = MRHomeViewController.m; sourceTree = "<group>"; };
		14DCFECE1E308DB9001733FD /* MRLoginService.h */ = {isa = PBXFileReference; fileEncoding = 4; lastKnownFileType = sourcecode.c.h; path = MRLoginService.h; sourceTree = "<group>"; };
		14DCFECF1E308DB9001733FD /* MRLoginService.m */ = {isa = PBXFileReference; fileEncoding = 4; lastKnownFileType = sourcecode.c.objc; path = MRLoginService.m; sourceTree = "<group>"; };
		14DCFED11E3094EF001733FD /* MRRegisterService.h */ = {isa = PBXFileReference; fileEncoding = 4; lastKnownFileType = sourcecode.c.h; path = MRRegisterService.h; sourceTree = "<group>"; };
		14DCFED21E3094EF001733FD /* MRRegisterService.m */ = {isa = PBXFileReference; fileEncoding = 4; lastKnownFileType = sourcecode.c.objc; path = MRRegisterService.m; sourceTree = "<group>"; };
		1F8ADABE5292DCC951F3947E /* Pods-MVVM_RAC.debug.xcconfig */ = {isa = PBXFileReference; includeInIndex = 1; lastKnownFileType = text.xcconfig; name = "Pods-MVVM_RAC.debug.xcconfig"; path = "Pods/Target Support Files/Pods-MVVM_RAC/Pods-MVVM_RAC.debug.xcconfig"; sourceTree = "<group>"; };
		3E8BE5B4C0E13F615D078AA7 /* libPods-MVVM_RAC.a */ = {isa = PBXFileReference; explicitFileType = archive.ar; includeInIndex = 0; path = "libPods-MVVM_RAC.a"; sourceTree = BUILT_PRODUCTS_DIR; };
		575F99AC615074BB364FCFEB /* Pods-MVVM_RAC.release.xcconfig */ = {isa = PBXFileReference; includeInIndex = 1; lastKnownFileType = text.xcconfig; name = "Pods-MVVM_RAC.release.xcconfig"; path = "Pods/Target Support Files/Pods-MVVM_RAC/Pods-MVVM_RAC.release.xcconfig"; sourceTree = "<group>"; };
/* End PBXFileReference section */

/* Begin PBXFrameworksBuildPhase section */
		14DCFEA01E306790001733FD /* Frameworks */ = {
			isa = PBXFrameworksBuildPhase;
			buildActionMask = 2147483647;
			files = (
				0D534FC25146C54ADC31AC66 /* libPods-MVVM_RAC.a in Frameworks */,
			);
			runOnlyForDeploymentPostprocessing = 0;
		};
/* End PBXFrameworksBuildPhase section */

/* Begin PBXGroup section */
		144CA51B1E31B03000D6EE4B /* Cell */ = {
			isa = PBXGroup;
			children = (
				144CA51C1E31B04700D6EE4B /* MRHomeCell.h */,
				144CA51D1E31B04700D6EE4B /* MRHomeCell.m */,
				144CA5681E31E07900D6EE4B /* MRHomeCell.xib */,
			);
			path = Cell;
			sourceTree = "<group>";
		};
		144CA5611E31D6E100D6EE4B /* View */ = {
			isa = PBXGroup;
			children = (
				144CA5621E31D6FE00D6EE4B /* MRHomeTableView.h */,
				144CA5631E31D6FE00D6EE4B /* MRHomeTableView.m */,
			);
			path = View;
			sourceTree = "<group>";
		};
		14DCFE9A1E306790001733FD = {
			isa = PBXGroup;
			children = (
				14DCFEA51E306790001733FD /* MVVM_RAC */,
				14DCFEA41E306790001733FD /* Products */,
				7B0E5A90F7D1F0B81BE89D5B /* Pods */,
				7A7B011304AC09C1D135D321 /* Frameworks */,
			);
			sourceTree = "<group>";
		};
		14DCFEA41E306790001733FD /* Products */ = {
			isa = PBXGroup;
			children = (
				14DCFEA31E306790001733FD /* MVVM_RAC.app */,
			);
			name = Products;
			sourceTree = "<group>";
		};
		14DCFEA51E306790001733FD /* MVVM_RAC */ = {
			isa = PBXGroup;
			children = (
				14DCFEAF1E306790001733FD /* Main.storyboard */,
				14DCFEB41E306790001733FD /* LaunchScreen.storyboard */,
				14DCFEC31E308658001733FD /* Resource */,
				14DCFEBD1E308658001733FD /* OpenLib */,
				14DCFEBE1E308658001733FD /* Project */,
				14DCFEA61E306790001733FD /* Supporting Files */,
			);
			path = MVVM_RAC;
			sourceTree = "<group>";
		};
		14DCFEA61E306790001733FD /* Supporting Files */ = {
			isa = PBXGroup;
			children = (
				14DCFEB21E306790001733FD /* Assets.xcassets */,
				14DCFEB71E306790001733FD /* Info.plist */,
				14DCFEA71E306790001733FD /* main.m */,
			);
			name = "Supporting Files";
			sourceTree = "<group>";
		};
		14DCFEBD1E308658001733FD /* OpenLib */ = {
			isa = PBXGroup;
			children = (
			);
			path = OpenLib;
			sourceTree = "<group>";
		};
		14DCFEBE1E308658001733FD /* Project */ = {
			isa = PBXGroup;
			children = (
				14DCFEA91E306790001733FD /* AppDelegate.h */,
				14DCFEAA1E306790001733FD /* AppDelegate.m */,
				14DCFEBF1E308658001733FD /* Controller */,
				144CA51B1E31B03000D6EE4B /* Cell */,
				14DCFEC01E308658001733FD /* Model */,
				14DCFEC11E308658001733FD /* Services */,
				144CA5611E31D6E100D6EE4B /* View */,
				14DCFEC21E308658001733FD /* ViewModel */,
			);
			path = Project;
			sourceTree = "<group>";
		};
		14DCFEBF1E308658001733FD /* Controller */ = {
			isa = PBXGroup;
			children = (
				14DCFEC51E3086B9001733FD /* MRLoginViewController.h */,
				14DCFEC61E3086B9001733FD /* MRLoginViewController.m */,
				14DCFEC81E3086CC001733FD /* MRRegisterViewController.h */,
				14DCFEC91E3086CC001733FD /* MRRegisterViewController.m */,
				14DCFECB1E3086E5001733FD /* MRHomeViewController.h */,
				14DCFECC1E3086E5001733FD /* MRHomeViewController.m */,
				144CA55E1E31BBD500D6EE4B /* MRTempViewController.h */,
				144CA55F1E31BBD500D6EE4B /* MRTempViewController.m */,
				144CA56A1E31E98200D6EE4B /* MRHeroViewController.h */,
				144CA56B1E31E98200D6EE4B /* MRHeroViewController.m */,
			);
			path = Controller;
			sourceTree = "<group>";
		};
		14DCFEC01E308658001733FD /* Model */ = {
			isa = PBXGroup;
			children = (
				144CA51F1E31B1B600D6EE4B /* MRHomeModel.h */,
				144CA5201E31B1B600D6EE4B /* MRHomeModel.m */,
			);
			path = Model;
			sourceTree = "<group>";
		};
		14DCFEC11E308658001733FD /* Services */ = {
			isa = PBXGroup;
			children = (
				14DCFECE1E308DB9001733FD /* MRLoginService.h */,
				14DCFECF1E308DB9001733FD /* MRLoginService.m */,
				14DCFED11E3094EF001733FD /* MRRegisterService.h */,
				14DCFED21E3094EF001733FD /* MRRegisterService.m */,
			);
			path = Services;
			sourceTree = "<group>";
		};
		14DCFEC21E308658001733FD /* ViewModel */ = {
			isa = PBXGroup;
			children = (
				144CA55B1E31B8F800D6EE4B /* MRHomeViewModel.h */,
				144CA55C1E31B8F800D6EE4B /* MRHomeViewModel.m */,
			);
			path = ViewModel;
			sourceTree = "<group>";
		};
		14DCFEC31E308658001733FD /* Resource */ = {
			isa = PBXGroup;
			children = (
				144CA5191E31AF7700D6EE4B /* heros.plist */,
			);
			path = Resource;
			sourceTree = "<group>";
		};
		7A7B011304AC09C1D135D321 /* Frameworks */ = {
			isa = PBXGroup;
			children = (
				3E8BE5B4C0E13F615D078AA7 /* libPods-MVVM_RAC.a */,
			);
			name = Frameworks;
			sourceTree = "<group>";
		};
		7B0E5A90F7D1F0B81BE89D5B /* Pods */ = {
			isa = PBXGroup;
			children = (
				1F8ADABE5292DCC951F3947E /* Pods-MVVM_RAC.debug.xcconfig */,
				575F99AC615074BB364FCFEB /* Pods-MVVM_RAC.release.xcconfig */,
			);
			name = Pods;
			sourceTree = "<group>";
		};
/* End PBXGroup section */

/* Begin PBXNativeTarget section */
		14DCFEA21E306790001733FD /* MVVM_RAC */ = {
			isa = PBXNativeTarget;
			buildConfigurationList = 14DCFEBA1E306791001733FD /* Build configuration list for PBXNativeTarget "MVVM_RAC" */;
			buildPhases = (
				5572D4874CCFF14E0DF4EC88 /* [CP] Check Pods Manifest.lock */,
				14DCFE9F1E306790001733FD /* Sources */,
				14DCFEA01E306790001733FD /* Frameworks */,
				14DCFEA11E306790001733FD /* Resources */,
				4BD1743C6AE8128E0EA85E07 /* [CP] Embed Pods Frameworks */,
				085985E94842B90888BF1741 /* [CP] Copy Pods Resources */,
			);
			buildRules = (
			);
			dependencies = (
			);
			name = MVVM_RAC;
			productName = MVVM_RAC;
			productReference = 14DCFEA31E306790001733FD /* MVVM_RAC.app */;
			productType = "com.apple.product-type.application";
		};
/* End PBXNativeTarget section */

/* Begin PBXProject section */
		14DCFE9B1E306790001733FD /* Project object */ = {
			isa = PBXProject;
			attributes = {
				LastUpgradeCheck = 0820;
				ORGANIZATIONNAME = cn;
				TargetAttributes = {
					14DCFEA21E306790001733FD = {
						CreatedOnToolsVersion = 8.2.1;
						DevelopmentTeam = 23ZQ26R8J4;
						ProvisioningStyle = Automatic;
					};
				};
			};
			buildConfigurationList = 14DCFE9E1E306790001733FD /* Build configuration list for PBXProject "MVVM_RAC" */;
			compatibilityVersion = "Xcode 3.2";
			developmentRegion = English;
			hasScannedForEncodings = 0;
			knownRegions = (
				en,
				Base,
			);
			mainGroup = 14DCFE9A1E306790001733FD;
			productRefGroup = 14DCFEA41E306790001733FD /* Products */;
			projectDirPath = "";
			projectRoot = "";
			targets = (
				14DCFEA21E306790001733FD /* MVVM_RAC */,
			);
		};
/* End PBXProject section */

/* Begin PBXResourcesBuildPhase section */
		14DCFEA11E306790001733FD /* Resources */ = {
			isa = PBXResourcesBuildPhase;
			buildActionMask = 2147483647;
			files = (
				14DCFEB61E306790001733FD /* LaunchScreen.storyboard in Resources */,
				144CA5691E31E07900D6EE4B /* MRHomeCell.xib in Resources */,
				14DCFEB31E306790001733FD /* Assets.xcassets in Resources */,
				144CA51A1E31AF7700D6EE4B /* heros.plist in Resources */,
				14DCFEB11E306790001733FD /* Main.storyboard in Resources */,
			);
			runOnlyForDeploymentPostprocessing = 0;
		};
/* End PBXResourcesBuildPhase section */

/* Begin PBXShellScriptBuildPhase section */
		085985E94842B90888BF1741 /* [CP] Copy Pods Resources */ = {
			isa = PBXShellScriptBuildPhase;
			buildActionMask = 2147483647;
			files = (
			);
			inputPaths = (
			);
			name = "[CP] Copy Pods Resources";
			outputPaths = (
			);
			runOnlyForDeploymentPostprocessing = 0;
			shellPath = /bin/sh;
			shellScript = "\"${SRCROOT}/Pods/Target Support Files/Pods-MVVM_RAC/Pods-MVVM_RAC-resources.sh\"\n";
			showEnvVarsInLog = 0;
		};
		4BD1743C6AE8128E0EA85E07 /* [CP] Embed Pods Frameworks */ = {
			isa = PBXShellScriptBuildPhase;
			buildActionMask = 2147483647;
			files = (
			);
			inputPaths = (
			);
			name = "[CP] Embed Pods Frameworks";
			outputPaths = (
			);
			runOnlyForDeploymentPostprocessing = 0;
			shellPath = /bin/sh;
			shellScript = "\"${SRCROOT}/Pods/Target Support Files/Pods-MVVM_RAC/Pods-MVVM_RAC-frameworks.sh\"\n";
			showEnvVarsInLog = 0;
		};
		5572D4874CCFF14E0DF4EC88 /* [CP] Check Pods Manifest.lock */ = {
			isa = PBXShellScriptBuildPhase;
			buildActionMask = 2147483647;
			files = (
			);
			inputPaths = (
			);
			name = "[CP] Check Pods Manifest.lock";
			outputPaths = (
			);
			runOnlyForDeploymentPostprocessing = 0;
			shellPath = /bin/sh;
			shellScript = "diff \"${PODS_ROOT}/../Podfile.lock\" \"${PODS_ROOT}/Manifest.lock\" > /dev/null\nif [ $? != 0 ] ; then\n    # print error to STDERR\n    echo \"error: The sandbox is not in sync with the Podfile.lock. Run 'pod install' or update your CocoaPods installation.\" >&2\n    exit 1\nfi\n";
			showEnvVarsInLog = 0;
		};
/* End PBXShellScriptBuildPhase section */

/* Begin PBXSourcesBuildPhase section */
		14DCFE9F1E306790001733FD /* Sources */ = {
			isa = PBXSourcesBuildPhase;
			buildActionMask = 2147483647;
			files = (
				14DCFECA1E3086CC001733FD /* MRRegisterViewController.m in Sources */,
				144CA5601E31BBD500D6EE4B /* MRTempViewController.m in Sources */,
				14DCFEAB1E306790001733FD /* AppDelegate.m in Sources */,
				14DCFEC71E3086B9001733FD /* MRLoginViewController.m in Sources */,
				144CA55D1E31B8F800D6EE4B /* MRHomeViewModel.m in Sources */,
				14DCFEA81E306790001733FD /* main.m in Sources */,
				144CA5211E31B1B600D6EE4B /* MRHomeModel.m in Sources */,
				144CA5641E31D6FE00D6EE4B /* MRHomeTableView.m in Sources */,
				14DCFED01E308DB9001733FD /* MRLoginService.m in Sources */,
				14DCFECD1E3086E5001733FD /* MRHomeViewController.m in Sources */,
				14DCFED31E3094EF001733FD /* MRRegisterService.m in Sources */,
				144CA51E1E31B04700D6EE4B /* MRHomeCell.m in Sources */,
				144CA56C1E31E98200D6EE4B /* MRHeroViewController.m in Sources */,
			);
			runOnlyForDeploymentPostprocessing = 0;
		};
/* End PBXSourcesBuildPhase section */

/* Begin PBXVariantGroup section */
		14DCFEAF1E306790001733FD /* Main.storyboard */ = {
			isa = PBXVariantGroup;
			children = (
				14DCFEB01E306790001733FD /* Base */,
			);
			name = Main.storyboard;
			sourceTree = "<group>";
		};
		14DCFEB41E306790001733FD /* LaunchScreen.storyboard */ = {
			isa = PBXVariantGroup;
			children = (
				14DCFEB51E306790001733FD /* Base */,
			);
			name = LaunchScreen.storyboard;
			sourceTree = "<group>";
		};
/* End PBXVariantGroup section */

/* Begin XCBuildConfiguration section */
		14DCFEB81E306790001733FD /* Debug */ = {
			isa = XCBuildConfiguration;
			buildSettings = {
				ALWAYS_SEARCH_USER_PATHS = NO;
				CLANG_ANALYZER_NONNULL = YES;
				CLANG_CXX_LANGUAGE_STANDARD = "gnu++0x";
				CLANG_CXX_LIBRARY = "libc++";
				CLANG_ENABLE_MODULES = YES;
				CLANG_ENABLE_OBJC_ARC = YES;
				CLANG_WARN_BOOL_CONVERSION = YES;
				CLANG_WARN_CONSTANT_CONVERSION = YES;
				CLANG_WARN_DIRECT_OBJC_ISA_USAGE = YES_ERROR;
				CLANG_WARN_DOCUMENTATION_COMMENTS = YES;
				CLANG_WARN_EMPTY_BODY = YES;
				CLANG_WARN_ENUM_CONVERSION = YES;
				CLANG_WARN_INFINITE_RECURSION = YES;
				CLANG_WARN_INT_CONVERSION = YES;
				CLANG_WARN_OBJC_ROOT_CLASS = YES_ERROR;
				CLANG_WARN_SUSPICIOUS_MOVE = YES;
				CLANG_WARN_UNREACHABLE_CODE = YES;
				CLANG_WARN__DUPLICATE_METHOD_MATCH = YES;
				"CODE_SIGN_IDENTITY[sdk=iphoneos*]" = "iPhone Developer";
				COPY_PHASE_STRIP = NO;
				DEBUG_INFORMATION_FORMAT = dwarf;
				ENABLE_STRICT_OBJC_MSGSEND = YES;
				ENABLE_TESTABILITY = YES;
				GCC_C_LANGUAGE_STANDARD = gnu99;
				GCC_DYNAMIC_NO_PIC = NO;
				GCC_NO_COMMON_BLOCKS = YES;
				GCC_OPTIMIZATION_LEVEL = 0;
				GCC_PREPROCESSOR_DEFINITIONS = (
					"DEBUG=1",
					"$(inherited)",
				);
				GCC_WARN_64_TO_32_BIT_CONVERSION = YES;
				GCC_WARN_ABOUT_RETURN_TYPE = YES_ERROR;
				GCC_WARN_UNDECLARED_SELECTOR = YES;
				GCC_WARN_UNINITIALIZED_AUTOS = YES_AGGRESSIVE;
				GCC_WARN_UNUSED_FUNCTION = YES;
				GCC_WARN_UNUSED_VARIABLE = YES;
				IPHONEOS_DEPLOYMENT_TARGET = 10.2;
				MTL_ENABLE_DEBUG_INFO = YES;
				ONLY_ACTIVE_ARCH = YES;
				SDKROOT = iphoneos;
				TARGETED_DEVICE_FAMILY = "1,2";
			};
			name = Debug;
		};
		14DCFEB91E306790001733FD /* Release */ = {
			isa = XCBuildConfiguration;
			buildSettings = {
				ALWAYS_SEARCH_USER_PATHS = NO;
				CLANG_ANALYZER_NONNULL = YES;
				CLANG_CXX_LANGUAGE_STANDARD = "gnu++0x";
				CLANG_CXX_LIBRARY = "libc++";
				CLANG_ENABLE_MODULES = YES;
				CLANG_ENABLE_OBJC_ARC = YES;
				CLANG_WARN_BOOL_CONVERSION = YES;
				CLANG_WARN_CONSTANT_CONVERSION = YES;
				CLANG_WARN_DIRECT_OBJC_ISA_USAGE = YES_ERROR;
				CLANG_WARN_DOCUMENTATION_COMMENTS = YES;
				CLANG_WARN_EMPTY_BODY = YES;
				CLANG_WARN_ENUM_CONVERSION = YES;
				CLANG_WARN_INFINITE_RECURSION = YES;
				CLANG_WARN_INT_CONVERSION = YES;
				CLANG_WARN_OBJC_ROOT_CLASS = YES_ERROR;
				CLANG_WARN_SUSPICIOUS_MOVE = YES;
				CLANG_WARN_UNREACHABLE_CODE = YES;
				CLANG_WARN__DUPLICATE_METHOD_MATCH = YES;
				"CODE_SIGN_IDENTITY[sdk=iphoneos*]" = "iPhone Developer";
				COPY_PHASE_STRIP = NO;
				DEBUG_INFORMATION_FORMAT = "dwarf-with-dsym";
				ENABLE_NS_ASSERTIONS = NO;
				ENABLE_STRICT_OBJC_MSGSEND = YES;
				GCC_C_LANGUAGE_STANDARD = gnu99;
				GCC_NO_COMMON_BLOCKS = YES;
				GCC_WARN_64_TO_32_BIT_CONVERSION = YES;
				GCC_WARN_ABOUT_RETURN_TYPE = YES_ERROR;
				GCC_WARN_UNDECLARED_SELECTOR = YES;
				GCC_WARN_UNINITIALIZED_AUTOS = YES_AGGRESSIVE;
				GCC_WARN_UNUSED_FUNCTION = YES;
				GCC_WARN_UNUSED_VARIABLE = YES;
				IPHONEOS_DEPLOYMENT_TARGET = 10.2;
				MTL_ENABLE_DEBUG_INFO = NO;
				SDKROOT = iphoneos;
				TARGETED_DEVICE_FAMILY = "1,2";
				VALIDATE_PRODUCT = YES;
			};
			name = Release;
		};
		14DCFEBB1E306791001733FD /* Debug */ = {
			isa = XCBuildConfiguration;
			baseConfigurationReference = 1F8ADABE5292DCC951F3947E /* Pods-MVVM_RAC.debug.xcconfig */;
			buildSettings = {
				ASSETCATALOG_COMPILER_APPICON_NAME = AppIcon;
				DEVELOPMENT_TEAM = 23ZQ26R8J4;
				INFOPLIST_FILE = MVVM_RAC/Info.plist;
				IPHONEOS_DEPLOYMENT_TARGET = 8.0;
				LD_RUNPATH_SEARCH_PATHS = "$(inherited) @executable_path/Frameworks";
				PRODUCT_BUNDLE_IDENTIFIER = "com.itwu.MVVM-RAC";
				PRODUCT_NAME = "$(TARGET_NAME)";
			};
			name = Debug;
		};
		14DCFEBC1E306791001733FD /* Release */ = {
			isa = XCBuildConfiguration;
			baseConfigurationReference = 575F99AC615074BB364FCFEB /* Pods-MVVM_RAC.release.xcconfig */;
			buildSettings = {
				ASSETCATALOG_COMPILER_APPICON_NAME = AppIcon;
				DEVELOPMENT_TEAM = 23ZQ26R8J4;
				INFOPLIST_FILE = MVVM_RAC/Info.plist;
				IPHONEOS_DEPLOYMENT_TARGET = 8.0;
				LD_RUNPATH_SEARCH_PATHS = "$(inherited) @executable_path/Frameworks";
				PRODUCT_BUNDLE_IDENTIFIER = "com.itwu.MVVM-RAC";
				PRODUCT_NAME = "$(TARGET_NAME)";
			};
			name = Release;
		};
/* End XCBuildConfiguration section */

/* Begin XCConfigurationList section */
		14DCFE9E1E306790001733FD /* Build configuration list for PBXProject "MVVM_RAC" */ = {
			isa = XCConfigurationList;
			buildConfigurations = (
				14DCFEB81E306790001733FD /* Debug */,
				14DCFEB91E306790001733FD /* Release */,
			);
			defaultConfigurationIsVisible = 0;
			defaultConfigurationName = Release;
		};
		14DCFEBA1E306791001733FD /* Build configuration list for PBXNativeTarget "MVVM_RAC" */ = {
			isa = XCConfigurationList;
			buildConfigurations = (
				14DCFEBB1E306791001733FD /* Debug */,
				14DCFEBC1E306791001733FD /* Release */,
			);
			defaultConfigurationIsVisible = 0;
			defaultConfigurationName = Release;
		};
/* End XCConfigurationList section */
	};
	rootObject = 14DCFE9B1E306790001733FD /* Project object */;
}
